
Microsoft Visual Studio Solution File, Format Version 12.00
# Visual Studio Version 17
VisualStudioVersion = 17.10.34928.147
MinimumVisualStudioVersion = 10.0.40219.1
Project("{FAE04EC0-301F-11D3-BF4B-00C04F79EFBC}") = "KNI-HR", "KNI-HR\KNI-HR.csproj", "{A2057F1A-BAE0-4B01-904A-EA20EB90D834}"
EndProject
Global
	GlobalSection(SolutionConfigurationPlatforms) = preSolution
		Debug|Any CPU = Debug|Any CPU
		Release|Any CPU = Release|Any CPU
	EndGlobalSection
	GlobalSection(ProjectConfigurationPlatforms) = postSolution
		{A2057F1A-BAE0-4B01-904A-EA20EB90D834}.Debug|Any CPU.ActiveCfg = Debug|Any CPU
		{A2057F1A-BAE0-4B01-904A-EA20EB90D834}.Debug|Any CPU.Build.0 = Debug|Any CPU
		{A2057F1A-BAE0-4B01-904A-EA20EB90D834}.Release|Any CPU.ActiveCfg = Release|Any CPU
		{A2057F1A-BAE0-4B01-904A-EA20EB90D834}.Release|Any CPU.Build.0 = Release|Any CPU
	EndGlobalSection
	GlobalSection(SolutionProperties) = preSolution
		HideSolutionNode = FALSE
	EndGlobalSection
	GlobalSection(ExtensibilityGlobals) = postSolution
		SolutionGuid = {51393EC6-C382-439A-AD81-B53EB1E7583D}
	EndGlobalSection
EndGlobal
